
Microsoft Visual Studio Solution File, Format Version 12.00
Project("{FAE04EC0-301F-11D3-BF4B-00C04F79EFBC}") = "SketchupShortcut.Core", "SketchupShortcut.Core\SketchupShortcut.Core.csproj", "{A360BE3E-A77A-41B1-956A-BC2E51C71F06}"
	ProjectSection(ProjectDependencies) = postProject
		{C84B629C-F778-4341-B2BC-335244CD0786} = {C84B629C-F778-4341-B2BC-335244CD0786}
	EndProjectSection
EndProject
Project("{FAE04EC0-301F-11D3-BF4B-00C04F79EFBC}") = "SketchupShortcut.Shared", "SketchupShortcut.Shared\SketchupShortcut.Shared.csproj", "{C84B629C-F778-4341-B2BC-335244CD0786}"
EndProject
Project("{FAE04EC0-301F-11D3-BF4B-00C04F79EFBC}") = "SketchupShortcut.Extension", "SketchupShortcut.Extension\SketchupShortcut.Extension.csproj", "{B95D53F4-E804-4E64-8A9D-A5F6EAE7F400}"
EndProject
Global
	GlobalSection(SolutionConfigurationPlatforms) = preSolution
		Debug|Any CPU = Debug|Any CPU
		Release|Any CPU = Release|Any CPU
	EndGlobalSection
	GlobalSection(ProjectConfigurationPlatforms) = postSolution
		{A360BE3E-A77A-41B1-956A-BC2E51C71F06}.Debug|Any CPU.ActiveCfg = Debug|Any CPU
		{A360BE3E-A77A-41B1-956A-BC2E51C71F06}.Debug|Any CPU.Build.0 = Debug|Any CPU
		{A360BE3E-A77A-41B1-956A-BC2E51C71F06}.Release|Any CPU.ActiveCfg = Release|Any CPU
		{A360BE3E-A77A-41B1-956A-BC2E51C71F06}.Release|Any CPU.Build.0 = Release|Any CPU
		{C84B629C-F778-4341-B2BC-335244CD0786}.Debug|Any CPU.ActiveCfg = Debug|Any CPU
		{C84B629C-F778-4341-B2BC-335244CD0786}.Debug|Any CPU.Build.0 = Debug|Any CPU
		{C84B629C-F778-4341-B2BC-335244CD0786}.Release|Any CPU.ActiveCfg = Release|Any CPU
		{C84B629C-F778-4341-B2BC-335244CD0786}.Release|Any CPU.Build.0 = Release|Any CPU
		{B95D53F4-E804-4E64-8A9D-A5F6EAE7F400}.Debug|Any CPU.ActiveCfg = Debug|Any CPU
		{B95D53F4-E804-4E64-8A9D-A5F6EAE7F400}.Debug|Any CPU.Build.0 = Debug|Any CPU
		{B95D53F4-E804-4E64-8A9D-A5F6EAE7F400}.Release|Any CPU.ActiveCfg = Release|Any CPU
		{B95D53F4-E804-4E64-8A9D-A5F6EAE7F400}.Release|Any CPU.Build.0 = Release|Any CPU
	EndGlobalSection
EndGlobal
